github.com/JengaMasterG/palwrldcmdsgo v1.0.0 h1:nMVmB5ode0I2xroPDPzAprUMq7cT6flzHTV+lOGid/E=
github.com/JengaMasterG/palwrldcmdsgo v1.0.0/go.mod h1:cNndvCx7z+zLFYafrwbyn0VRhuDqmhXWRsaxtxPI3zs=
github.com/gorcon/rcon v1.3.5 h1:YE/Vrw6R99uEP08wp0EjdPAP3Jwz/ys3J8qxI1nYoeU=
github.com/gorcon/rcon v1.3.5/go.mod h1:zR1qfKZttF8vAgH1NsP6CdpachOvLDq8jE64NboTpIM=
